
Microsoft Visual Studio Solution File, Format Version 12.00
# Visual Studio 15
VisualStudioVersion = 15.0.27004.2008
MinimumVisualStudioVersion = 10.0.40219.1
Project("{9A19103F-16F7-4668-BE54-9A1E7A4F7556}") = "Com.Bateeq.Service.Merchandiser.Lib", "Com.Bateeq.Service.Merchandiser.Lib\Com.Bateeq.Service.Merchandiser.Lib.csproj", "{E60C8F75-5C66-43D3-9855-50C4257E62A3}"
EndProject
Project("{9A19103F-16F7-4668-BE54-9A1E7A4F7556}") = "Com.Bateeq.Service.Merchandiser.WebApi", "Com.Bateeq.Service.Merchandiser.WebApi\Com.Bateeq.Service.Merchandiser.WebApi.csproj", "{62618CE7-9DF3-49B1-A56B-7573A41D276D}"
EndProject
Project("{9A19103F-16F7-4668-BE54-9A1E7A4F7556}") = "Com.Bateeq.Service.Merchandiser.Test", "Com.Bateeq.Service.Merchandiser.Test\Com.Bateeq.Service.Merchandiser.Test.csproj", "{FB623A13-CD98-473A-8D16-683BFB50C976}"
EndProject
Global
	GlobalSection(SolutionConfigurationPlatforms) = preSolution
		Debug|Any CPU = Debug|Any CPU
		Release|Any CPU = Release|Any CPU
	EndGlobalSection
	GlobalSection(ProjectConfigurationPlatforms) = postSolution
		{E60C8F75-5C66-43D3-9855-50C4257E62A3}.Debug|Any CPU.ActiveCfg = Debug|Any CPU
		{E60C8F75-5C66-43D3-9855-50C4257E62A3}.Debug|Any CPU.Build.0 = Debug|Any CPU
		{E60C8F75-5C66-43D3-9855-50C4257E62A3}.Release|Any CPU.ActiveCfg = Release|Any CPU
		{E60C8F75-5C66-43D3-9855-50C4257E62A3}.Release|Any CPU.Build.0 = Release|Any CPU
		{62618CE7-9DF3-49B1-A56B-7573A41D276D}.Debug|Any CPU.ActiveCfg = Debug|Any CPU
		{62618CE7-9DF3-49B1-A56B-7573A41D276D}.Debug|Any CPU.Build.0 = Debug|Any CPU
		{62618CE7-9DF3-49B1-A56B-7573A41D276D}.Release|Any CPU.ActiveCfg = Release|Any CPU
		{62618CE7-9DF3-49B1-A56B-7573A41D276D}.Release|Any CPU.Build.0 = Release|Any CPU
		{FB623A13-CD98-473A-8D16-683BFB50C976}.Debug|Any CPU.ActiveCfg = Debug|Any CPU
		{FB623A13-CD98-473A-8D16-683BFB50C976}.Debug|Any CPU.Build.0 = Debug|Any CPU
		{FB623A13-CD98-473A-8D16-683BFB50C976}.Release|Any CPU.ActiveCfg = Release|Any CPU
		{FB623A13-CD98-473A-8D16-683BFB50C976}.Release|Any CPU.Build.0 = Release|Any CPU
	EndGlobalSection
	GlobalSection(SolutionProperties) = preSolution
		HideSolutionNode = FALSE
	EndGlobalSection
	GlobalSection(ExtensibilityGlobals) = postSolution
		SolutionGuid = {533671B2-6709-47BD-8922-D93CBF28C61F}
	EndGlobalSection
EndGlobal
